
Microsoft Visual Studio Solution File, Format Version 12.00
# Visual Studio 14
VisualStudioVersion = 14.0.25123.0
MinimumVisualStudioVersion = 10.0.40219.1
Project("{2150E333-8FDC-42A3-9474-1A3956D46DE8}") = "Apresentacao", "Apresentacao", "{056C8048-2CA2-4DC1-9447-81B43E5C947B}"
EndProject
Project("{2150E333-8FDC-42A3-9474-1A3956D46DE8}") = "Helpers", "Helpers", "{5EBBDD01-C75D-445B-9C23-A13A67D04643}"
EndProject
Project("{FAE04EC0-301F-11D3-BF4B-00C04F79EFBC}") = "IAApplication.Helpers", "IAApplication.Helpers\IAApplication.Helpers.csproj", "{5DCDAAB7-C9DE-42D2-B6B1-74AD4DAAFB89}"
EndProject
Project("{FAE04EC0-301F-11D3-BF4B-00C04F79EFBC}") = "NewSom", "NewSom\NewSom.csproj", "{06D843D5-C608-4C9D-99A7-00AF02F19D9A}"
EndProject
Global
	GlobalSection(SolutionConfigurationPlatforms) = preSolution
		Debug|Any CPU = Debug|Any CPU
		Release|Any CPU = Release|Any CPU
	EndGlobalSection
	GlobalSection(ProjectConfigurationPlatforms) = postSolution
		{5DCDAAB7-C9DE-42D2-B6B1-74AD4DAAFB89}.Debug|Any CPU.ActiveCfg = Debug|Any CPU
		{5DCDAAB7-C9DE-42D2-B6B1-74AD4DAAFB89}.Debug|Any CPU.Build.0 = Debug|Any CPU
		{5DCDAAB7-C9DE-42D2-B6B1-74AD4DAAFB89}.Release|Any CPU.ActiveCfg = Release|Any CPU
		{5DCDAAB7-C9DE-42D2-B6B1-74AD4DAAFB89}.Release|Any CPU.Build.0 = Release|Any CPU
		{06D843D5-C608-4C9D-99A7-00AF02F19D9A}.Debug|Any CPU.ActiveCfg = Debug|Any CPU
		{06D843D5-C608-4C9D-99A7-00AF02F19D9A}.Debug|Any CPU.Build.0 = Debug|Any CPU
		{06D843D5-C608-4C9D-99A7-00AF02F19D9A}.Release|Any CPU.ActiveCfg = Release|Any CPU
		{06D843D5-C608-4C9D-99A7-00AF02F19D9A}.Release|Any CPU.Build.0 = Release|Any CPU
	EndGlobalSection
	GlobalSection(SolutionProperties) = preSolution
		HideSolutionNode = FALSE
	EndGlobalSection
	GlobalSection(NestedProjects) = preSolution
		{5DCDAAB7-C9DE-42D2-B6B1-74AD4DAAFB89} = {5EBBDD01-C75D-445B-9C23-A13A67D04643}
		{06D843D5-C608-4C9D-99A7-00AF02F19D9A} = {056C8048-2CA2-4DC1-9447-81B43E5C947B}
	EndGlobalSection
EndGlobal
