
Microsoft Visual Studio Solution File, Format Version 12.00
# Visual Studio 14
VisualStudioVersion = 14.0.25123.0
MinimumVisualStudioVersion = 10.0.40219.1
Project("{FAE04EC0-301F-11D3-BF4B-00C04F79EFBC}") = "IAApplication.Ui", "IAApplication.Ui\IAApplication.Ui.csproj", "{E4BFD189-53DE-46AE-B2C5-1C0BF3F9D79D}"
EndProject
Project("{2150E333-8FDC-42A3-9474-1A3956D46DE8}") = "Apresentacao", "Apresentacao", "{056C8048-2CA2-4DC1-9447-81B43E5C947B}"
EndProject
Project("{2150E333-8FDC-42A3-9474-1A3956D46DE8}") = "Helpers", "Helpers", "{5EBBDD01-C75D-445B-9C23-A13A67D04643}"
EndProject
Project("{FAE04EC0-301F-11D3-BF4B-00C04F79EFBC}") = "IAApplication.Helpers", "IAApplication.Helpers\IAApplication.Helpers.csproj", "{5DCDAAB7-C9DE-42D2-B6B1-74AD4DAAFB89}"
EndProject
Project("{FAE04EC0-301F-11D3-BF4B-00C04F79EFBC}") = "IAApplication.UIForms", "IAApplication.UIForms\IAApplication.UIForms.csproj", "{7CC3D7AF-CF15-4DA4-BD5A-3165B77D0C9F}"
EndProject
Global
	GlobalSection(SolutionConfigurationPlatforms) = preSolution
		Debug|Any CPU = Debug|Any CPU
		Release|Any CPU = Release|Any CPU
	EndGlobalSection
	GlobalSection(ProjectConfigurationPlatforms) = postSolution
		{E4BFD189-53DE-46AE-B2C5-1C0BF3F9D79D}.Debug|Any CPU.ActiveCfg = Debug|Any CPU
		{E4BFD189-53DE-46AE-B2C5-1C0BF3F9D79D}.Debug|Any CPU.Build.0 = Debug|Any CPU
		{E4BFD189-53DE-46AE-B2C5-1C0BF3F9D79D}.Release|Any CPU.ActiveCfg = Release|Any CPU
		{E4BFD189-53DE-46AE-B2C5-1C0BF3F9D79D}.Release|Any CPU.Build.0 = Release|Any CPU
		{5DCDAAB7-C9DE-42D2-B6B1-74AD4DAAFB89}.Debug|Any CPU.ActiveCfg = Debug|Any CPU
		{5DCDAAB7-C9DE-42D2-B6B1-74AD4DAAFB89}.Debug|Any CPU.Build.0 = Debug|Any CPU
		{5DCDAAB7-C9DE-42D2-B6B1-74AD4DAAFB89}.Release|Any CPU.ActiveCfg = Release|Any CPU
		{5DCDAAB7-C9DE-42D2-B6B1-74AD4DAAFB89}.Release|Any CPU.Build.0 = Release|Any CPU
		{7CC3D7AF-CF15-4DA4-BD5A-3165B77D0C9F}.Debug|Any CPU.ActiveCfg = Debug|Any CPU
		{7CC3D7AF-CF15-4DA4-BD5A-3165B77D0C9F}.Debug|Any CPU.Build.0 = Debug|Any CPU
		{7CC3D7AF-CF15-4DA4-BD5A-3165B77D0C9F}.Release|Any CPU.ActiveCfg = Release|Any CPU
		{7CC3D7AF-CF15-4DA4-BD5A-3165B77D0C9F}.Release|Any CPU.Build.0 = Release|Any CPU
	EndGlobalSection
	GlobalSection(SolutionProperties) = preSolution
		HideSolutionNode = FALSE
	EndGlobalSection
	GlobalSection(NestedProjects) = preSolution
		{E4BFD189-53DE-46AE-B2C5-1C0BF3F9D79D} = {056C8048-2CA2-4DC1-9447-81B43E5C947B}
		{5DCDAAB7-C9DE-42D2-B6B1-74AD4DAAFB89} = {5EBBDD01-C75D-445B-9C23-A13A67D04643}
		{7CC3D7AF-CF15-4DA4-BD5A-3165B77D0C9F} = {056C8048-2CA2-4DC1-9447-81B43E5C947B}
	EndGlobalSection
EndGlobal
